// !$*UTF8*$!
{
	archiveVersion = 1;
	classes = {
	};
	objectVersion = 77;
	objects = {

/* Begin PBXContainerItemProxy section */
		C3F6D73A2FF6EC0C009B05B0 /* PBXContainerItemProxy */ = {
			isa = PBXContainerItemProxy;
			containerPortal = C3F6D7242FF6EC0A009B05B0 /* Project object */;
			proxyType = 1;
			remoteGlobalIDString = C3F6D72B2FF6EC0A009B05B0;
			remoteInfo = "El goman";
		};
		C3F6D7442FF6EC0C009B05B0 /* PBXContainerItemProxy */ = {
			isa = PBXContainerItemProxy;
			containerPortal = C3F6D7242FF6EC0A009B05B0 /* Project object */;
			proxyType = 1;
			remoteGlobalIDString = C3F6D72B2FF6EC0A009B05B0;
			remoteInfo = "El goman";
		};
/* End PBXContainerItemProxy section */

/* Begin PBXFileReference section */
		C308D69F30615ACA008F5511 /* El-goman-Info.plist */ = {isa = PBXFileReference; lastKnownFileType = text.plist; path = "El-goman-Info.plist"; sourceTree = "<group>"; };
		C3F6D72C2FF6EC0A009B05B0 /* El goman.app */ = {isa = PBXFileReference; explicitFileType = wrapper.application; includeInIndex = 0; path = "El goman.app"; sourceTree = BUILT_PRODUCTS_DIR; };
		C3F6D7392FF6EC0C009B05B0 /* El gomanTests.xctest */ = {isa = PBXFileReference; explicitFileType = wrapper.cfbundle; includeInIndex = 0; path = "El gomanTests.xctest"; sourceTree = BUILT_PRODUCTS_DIR; };
		C3F6D7432FF6EC0C009B05B0 /* El gomanUITests.xctest */ = {isa = PBXFileReference; explicitFileType = wrapper.cfbundle; includeInIndex = 0; path = "El gomanUITests.xctest"; sourceTree = BUILT_PRODUCTS_DIR; };
/* End PBXFileReference section */

/* Begin PBXFileSystemSynchronizedRootGroup section */
		C3F6D72E2FF6EC0A009B05B0 /* El goman */ = {
			isa = PBXFileSystemSynchronizedRootGroup;
			path = "El goman";
			sourceTree = "<group>";
		};
		C3F6D73C2FF6EC0C009B05B0 /* El gomanTests */ = {
			isa = PBXFileSystemSynchronizedRootGroup;
			path = "El gomanTests";
			sourceTree = "<group>";
		};
		C3F6D7462FF6EC0C009B05B0 /* El gomanUITests */ = {
			isa = PBXFileSystemSynchronizedRootGroup;
			path = "El gomanUITests";
			sourceTree = "<group>";
		};
/* End PBXFileSystemSynchronizedRootGroup section */

/* Begin PBXFrameworksBuildPhase section */
		C3F6D7292FF6EC0A009B05B0 /* Frameworks */ = {
			isa = PBXFrameworksBuildPhase;
			buildActionMask = 2147483647;
			files = (
			);
			runOnlyForDeploymentPostprocessing = 0;
		};
		C3F6D7362FF6EC0C009B05B0 /* Frameworks */ = {
			isa = PBXFrameworksBuildPhase;
			buildActionMask = 2147483647;
			files = (
			);
			runOnlyForDeploymentPostprocessing = 0;
		};
		C3F6D7402FF6EC0C009B05B0 /* Frameworks */ = {
			isa = PBXFrameworksBuildPhase;
			buildActionMask = 2147483647;
			files = (
			);
			runOnlyForDeploymentPostprocessing = 0;
		};
/* End PBXFrameworksBuildPhase section */

/* Begin PBXGroup section */
		C3F6D7232FF6EC0A009B05B0 = {
			isa = PBXGroup;
			children = (
				C308D69F30615ACA008F5511 /* El-goman-Info.plist */,
				C3F6D72E2FF6EC0A009B05B0 /* El goman */,
				C3F6D73C2FF6EC0C009B05B0 /* El gomanTests */,
				C3F6D7462FF6EC0C009B05B0 /* El gomanUITests */,
				C3F6D72D2FF6EC0A009B05B0 /* Products */,
			);
			sourceTree = "<group>";
		};
		C3F6D72D2FF6EC0A009B05B0 /* Products */ = {
			isa = PBXGroup;
			children = (
				C3F6D72C2FF6EC0A009B05B0 /* El goman.app */,
				C3F6D7392FF6EC0C009B05B0 /* El gomanTests.xctest */,
				C3F6D7432FF6EC0C009B05B0 /* El gomanUITests.xctest */,
			);
			name = Products;
			sourceTree = "<group>";
		};
/* End PBXGroup section */

/* Begin PBXNativeTarget section */
		C3F6D72B2FF6EC0A009B05B0 /* El goman */ = {
			isa = PBXNativeTarget;
			buildConfigurationList = C3F6D74D2FF6EC0C009B05B0 /* Build configuration list for PBXNativeTarget "El goman" */;
			buildPhases = (
				C3F6D7282FF6EC0A009B05B0 /* Sources */,
				C3F6D7292FF6EC0A009B05B0 /* Frameworks */,
				C3F6D72A2FF6EC0A009B05B0 /* Resources */,
			);
			buildRules = (
			);
			dependencies = (
			);
			fileSystemSynchronizedGroups = (
				C3F6D72E2FF6EC0A009B05B0 /* El goman */,
			);
			name = "El goman";
			packageProductDependencies = (
			);
			productName = "El goman";
			productReference = C3F6D72C2FF6EC0A009B05B0 /* El goman.app */;
			productType = "com.apple.product-type.application";
		};
		C3F6D7382FF6EC0C009B05B0 /* El gomanTests */ = {
			isa = PBXNativeTarget;
			buildConfigurationList = C3F6D7502FF6EC0C009B05B0 /* Build configuration list for PBXNativeTarget "El gomanTests" */;
			buildPhases = (
				C3F6D7352FF6EC0C009B05B0 /* Sources */,
				C3F6D7362FF6EC0C009B05B0 /* Frameworks */,
				C3F6D7372FF6EC0C009B05B0 /* Resources */,
			);
			buildRules = (
			);
			dependencies = (
				C3F6D73B2FF6EC0C009B05B0 /* PBXTargetDependency */,
			);
			fileSystemSynchronizedGroups = (
				C3F6D73C2FF6EC0C009B05B0 /* El gomanTests */,
			);
			name = "El gomanTests";
			packageProductDependencies = (
			);
			productName = "El gomanTests";
			productReference = C3F6D7392FF6EC0C009B05B0 /* El gomanTests.xctest */;
			productType = "com.apple.product-type.bundle.unit-test";
		};
		C3F6D7422FF6EC0C009B05B0 /* El gomanUITests */ = {
			isa = PBXNativeTarget;
			buildConfigurationList = C3F6D7532FF6EC0C009B05B0 /* Build configuration list for PBXNativeTarget "El gomanUITests" */;
			buildPhases = (
				C3F6D73F2FF6EC0C009B05B0 /* Sources */,
				C3F6D7402FF6EC0C009B05B0 /* Frameworks */,
				C3F6D7412FF6EC0C009B05B0 /* Resources */,
			);
			buildRules = (
			);
			dependencies = (
				C3F6D7452FF6EC0C009B05B0 /* PBXTargetDependency */,
			);
			fileSystemSynchronizedGroups = (
				C3F6D7462FF6EC0C009B05B0 /* El gomanUITests */,
			);
			name = "El gomanUITests";
			packageProductDependencies = (
			);
			productName = "El gomanUITests";
			productReference = C3F6D7432FF6EC0C009B05B0 /* El gomanUITests.xctest */;
			productType = "com.apple.product-type.bundle.ui-testing";
		};
/* End PBXNativeTarget section */

/* Begin PBXProject section */
		C3F6D7242FF6EC0A009B05B0 /* Project object */ = {
			isa = PBXProject;
			attributes = {
				BuildIndependentTargetsInParallel = 1;
				LastSwiftUpdateCheck = 2660;
				LastUpgradeCheck = 2700;
				TargetAttributes = {
					C3F6D72B2FF6EC0A009B05B0 = {
						CreatedOnToolsVersion = 26.6;
					};
					C3F6D7382FF6EC0C009B05B0 = {
						CreatedOnToolsVersion = 26.6;
						TestTargetID = C3F6D72B2FF6EC0A009B05B0;
					};
					C3F6D7422FF6EC0C009B05B0 = {
						CreatedOnToolsVersion = 26.6;
						TestTargetID = C3F6D72B2FF6EC0A009B05B0;
					};
				};
			};
			buildConfigurationList = C3F6D7272FF6EC0A009B05B0 /* Build configuration list for PBXProject "El goman" */;
			developmentRegion = en;
			hasScannedForEncodings = 0;
			knownRegions = (
				en,
				Base,
			);
			mainGroup = C3F6D7232FF6EC0A009B05B0;
			minimizedProjectReferenceProxies = 1;
			preferredProjectObjectVersion = 77;
			productRefGroup = C3F6D72D2FF6EC0A009B05B0 /* Products */;
			projectDirPath = "";
			projectRoot = "";
			targets = (
				C3F6D72B2FF6EC0A009B05B0 /* El goman */,
				C3F6D7382FF6EC0C009B05B0 /* El gomanTests */,
				C3F6D7422FF6EC0C009B05B0 /* El gomanUITests */,
			);
		};
/* End PBXProject section */

/* Begin PBXResourcesBuildPhase section */
		C3F6D72A2FF6EC0A009B05B0 /* Resources */ = {
			isa = PBXResourcesBuildPhase;
			buildActionMask = 2147483647;
			files = (
			);
			runOnlyForDeploymentPostprocessing = 0;
		};
		C3F6D7372FF6EC0C009B05B0 /* Resources */ = {
			isa = PBXResourcesBuildPhase;
			buildActionMask = 2147483647;
			files = (
			);
			runOnlyForDeploymentPostprocessing = 0;
		};
		C3F6D7412FF6EC0C009B05B0 /* Resources */ = {
			isa = PBXResourcesBuildPhase;
			buildActionMask = 2147483647;
			files = (
			);
			runOnlyForDeploymentPostprocessing = 0;
		};
/* End PBXResourcesBuildPhase section */

/* Begin PBXSourcesBuildPhase section */
		C3F6D7282FF6EC0A009B05B0 /* Sources */ = {
			isa = PBXSourcesBuildPhase;
			buildActionMask = 2147483647;
			files = (
			);
			runOnlyForDeploymentPostprocessing = 0;
		};
		C3F6D7352FF6EC0C009B05B0 /* Sources */ = {
			isa = PBXSourcesBuildPhase;
			buildActionMask = 2147483647;
			files = (
			);
			runOnlyForDeploymentPostprocessing = 0;
		};
		C3F6D73F2FF6EC0C009B05B0 /* Sources */ = {
			isa = PBXSourcesBuildPhase;
			buildActionMask = 2147483647;
			files = (
			);
			runOnlyForDeploymentPostprocessing = 0;
		};
/* End PBXSourcesBuildPhase section */

/* Begin PBXTargetDependency section */
		C3F6D73B2FF6EC0C009B05B0 /* PBXTargetDependency */ = {
			isa = PBXTargetDependency;
			target = C3F6D72B2FF6EC0A009B05B0 /* El goman */;
			targetProxy = C3F6D73A2FF6EC0C009B05B0 /* PBXContainerItemProxy */;
		};
		C3F6D7452FF6EC0C009B05B0 /* PBXTargetDependency */ = {
			isa = PBXTargetDependency;
			target = C3F6D72B2FF6EC0A009B05B0 /* El goman */;
			targetProxy = C3F6D7442FF6EC0C009B05B0 /* PBXContainerItemProxy */;
		};
/* End PBXTargetDependency section */

/* Begin XCBuildConfiguration section */
		C3F6D74B2FF6EC0C009B05B0 /* Debug */ = {
			isa = XCBuildConfiguration;
			buildSettings = {
				ALWAYS_SEARCH_USER_PATHS = NO;
				ASSETCATALOG_COMPILER_GENERATE_SWIFT_ASSET_SYMBOL_EXTENSIONS = YES;
				CLANG_ANALYZER_NONNULL = YES;
				CLANG_ANALYZER_NUMBER_OBJECT_CONVERSION = YES_AGGRESSIVE;
				CLANG_CXX_LANGUAGE_STANDARD = "gnu++20";
				CLANG_ENABLE_MODULES = YES;
				CLANG_ENABLE_OBJC_ARC = YES;
				CLANG_ENABLE_OBJC_WEAK = YES;
				CLANG_WARN_BLOCK_CAPTURE_AUTORELEASING = YES;
				CLANG_WARN_BOOL_CONVERSION = YES;
				CLANG_WARN_COMMA = YES;
				CLANG_WARN_CONSTANT_CONVERSION = YES;
				CLANG_WARN_DEPRECATED_OBJC_IMPLEMENTATIONS = YES;
				CLANG_WARN_DIRECT_OBJC_ISA_USAGE = YES_ERROR;
				CLANG_WARN_DOCUMENTATION_COMMENTS = YES;
				CLANG_WARN_EMPTY_BODY = YES;
				CLANG_WARN_ENUM_CONVERSION = YES;
				CLANG_WARN_INFINITE_RECURSION = YES;
				CLANG_WARN_INT_CONVERSION = YES;
				CLANG_WARN_NON_LITERAL_NULL_CONVERSION = YES;
				CLANG_WARN_OBJC_IMPLICIT_RETAIN_SELF = YES;
				CLANG_WARN_OBJC_LITERAL_CONVERSION = YES;
				CLANG_WARN_OBJC_ROOT_CLASS = YES_ERROR;
				CLANG_WARN_QUOTED_INCLUDE_IN_FRAMEWORK_HEADER = YES;
				CLANG_WARN_RANGE_LOOP_ANALYSIS = YES;
				CLANG_WARN_STRICT_PROTOTYPES = YES;
				CLANG_WARN_SUSPICIOUS_MOVE = YES;
				CLANG_WARN_UNGUARDED_AVAILABILITY = YES_AGGRESSIVE;
				CLANG_WARN_UNREACHABLE_CODE = YES;
				CLANG_WARN__DUPLICATE_METHOD_MATCH = YES;
				COPY_PHASE_STRIP = NO;
				DEBUG_INFORMATION_FORMAT = dwarf;
				DEVELOPMENT_TEAM = A67K95GBTD;
				ENABLE_STRICT_OBJC_MSGSEND = YES;
				ENABLE_TESTABILITY = YES;
				ENABLE_USER_SCRIPT_SANDBOXING = YES;
				GCC_C_LANGUAGE_STANDARD = gnu17;
				GCC_DYNAMIC_NO_PIC = NO;
				GCC_NO_COMMON_BLOCKS = YES;
				GCC_OPTIMIZATION_LEVEL = 0;
				GCC_PREPROCESSOR_DEFINITIONS = (
					"DEBUG=1",
					"$(inherited)",
				);
				GCC_WARN_64_TO_32_BIT_CONVERSION = YES;
				GCC_WARN_ABOUT_RETURN_TYPE = YES_ERROR;
				GCC_WARN_UNDECLARED_SELECTOR = YES;
				GCC_WARN_UNINITIALIZED_AUTOS = YES_AGGRESSIVE;
				GCC_WARN_UNUSED_FUNCTION = YES;
				GCC_WARN_UNUSED_VARIABLE = YES;
				IPHONEOS_DEPLOYMENT_TARGET = 26.5;
				LOCALIZATION_PREFERS_STRING_CATALOGS = YES;
				MTL_ENABLE_DEBUG_INFO = INCLUDE_SOURCE;
				MTL_FAST_MATH = YES;
				ONLY_ACTIVE_ARCH = YES;
				SDKROOT = iphoneos;
				STRING_CATALOG_GENERATE_SYMBOLS = YES;
				SWIFT_ACTIVE_COMPILATION_CONDITIONS = "DEBUG $(inherited)";
				SWIFT_OPTIMIZATION_LEVEL = "-Onone";
			};
			name = Debug;
		};
		C3F6D74C2FF6EC0C009B05B0 /* Release */ = {
			isa = XCBuildConfiguration;
			buildSettings = {
				ALWAYS_SEARCH_USER_PATHS = NO;
				ASSETCATALOG_COMPILER_GENERATE_SWIFT_ASSET_SYMBOL_EXTENSIONS = YES;
				CLANG_ANALYZER_NONNULL = YES;
				CLANG_ANALYZER_NUMBER_OBJECT_CONVERSION = YES_AGGRESSIVE;
				CLANG_CXX_LANGUAGE_STANDARD = "gnu++20";
				CLANG_ENABLE_MODULES = YES;
				CLANG_ENABLE_OBJC_ARC = YES;
				CLANG_ENABLE_OBJC_WEAK = YES;
				CLANG_WARN_BLOCK_CAPTURE_AUTORELEASING = YES;
				CLANG_WARN_BOOL_CONVERSION = YES;
				CLANG_WARN_COMMA = YES;
				CLANG_WARN_CONSTANT_CONVERSION = YES;
				CLANG_WARN_DEPRECATED_OBJC_IMPLEMENTATIONS = YES;
				CLANG_WARN_DIRECT_OBJC_ISA_USAGE = YES_ERROR;
				CLANG_WARN_DOCUMENTATION_COMMENTS = YES;
				CLANG_WARN_EMPTY_BODY = YES;
				CLANG_WARN_ENUM_CONVERSION = YES;
				CLANG_WARN_INFINITE_RECURSION = YES;
				CLANG_WARN_INT_CONVERSION = YES;
				CLANG_WARN_NON_LITERAL_NULL_CONVERSION = YES;
				CLANG_WARN_OBJC_IMPLICIT_RETAIN_SELF = YES;
				CLANG_WARN_OBJC_LITERAL_CONVERSION = YES;
				CLANG_WARN_OBJC_ROOT_CLASS = YES_ERROR;
				CLANG_WARN_QUOTED_INCLUDE_IN_FRAMEWORK_HEADER = YES;
				CLANG_WARN_RANGE_LOOP_ANALYSIS = YES;
				CLANG_WARN_STRICT_PROTOTYPES = YES;
				CLANG_WARN_SUSPICIOUS_MOVE = YES;
				CLANG_WARN_UNGUARDED_AVAILABILITY = YES_AGGRESSIVE;
				CLANG_WARN_UNREACHABLE_CODE = YES;
				CLANG_WARN__DUPLICATE_METHOD_MATCH = YES;
				COPY_PHASE_STRIP = NO;
				DEBUG_INFORMATION_FORMAT = "dwarf-with-dsym";
				DEVELOPMENT_TEAM = A67K95GBTD;
				ENABLE_NS_ASSERTIONS = NO;
				ENABLE_STRICT_OBJC_MSGSEND = YES;
				ENABLE_USER_SCRIPT_SANDBOXING = YES;
				GCC_C_LANGUAGE_STANDARD = gnu17;
				GCC_NO_COMMON_BLOCKS = YES;
				GCC_WARN_64_TO_32_BIT_CONVERSION = YES;
				GCC_WARN_ABOUT_RETURN_TYPE = YES_ERROR;
				GCC_WARN_UNDECLARED_SELECTOR = YES;
				GCC_WARN_UNINITIALIZED_AUTOS = YES_AGGRESSIVE;
				GCC_WARN_UNUSED_FUNCTION = YES;
				GCC_WARN_UNUSED_VARIABLE = YES;
				IPHONEOS_DEPLOYMENT_TARGET = 26.5;
				LOCALIZATION_PREFERS_STRING_CATALOGS = YES;
				MTL_ENABLE_DEBUG_INFO = NO;
				MTL_FAST_MATH = YES;
				SDKROOT = iphoneos;
				STRING_CATALOG_GENERATE_SYMBOLS = YES;
				SWIFT_COMPILATION_MODE = wholemodule;
				VALIDATE_PRODUCT = YES;
			};
			name = Release;
		};
		C3F6D74E2FF6EC0C009B05B0 /* Debug */ = {
			isa = XCBuildConfiguration;
			buildSettings = {
				ASSETCATALOG_COMPILER_APPICON_NAME = AppIcon;
				ASSETCATALOG_COMPILER_GLOBAL_ACCENT_COLOR_NAME = AccentColor;
				CODE_SIGN_STYLE = Automatic;
				CURRENT_PROJECT_VERSION = 1;
				DEVELOPMENT_TEAM = A67K95GBTD;
				ENABLE_PREVIEWS = NO;
				GENERATE_INFOPLIST_FILE = YES;
				INFOPLIST_FILE = "El-goman-Info.plist";
				INFOPLIST_KEY_NSCameraUsageDescription = "Se necesita acceso a la cámara para escanear códigos de barras de productos.";
				INFOPLIST_KEY_UIApplicationSceneManifest_Generation = YES;
				INFOPLIST_KEY_UIApplicationSupportsIndirectInputEvents = YES;
				INFOPLIST_KEY_UILaunchScreen_Generation = YES;
				INFOPLIST_KEY_UISupportedInterfaceOrientations_iPad = "UIInterfaceOrientationPortrait UIInterfaceOrientationPortraitUpsideDown UIInterfaceOrientationLandscapeLeft UIInterfaceOrientationLandscapeRight";
				INFOPLIST_KEY_UISupportedInterfaceOrientations_iPhone = "UIInterfaceOrientationPortrait UIInterfaceOrientationLandscapeLeft UIInterfaceOrientationLandscapeRight";
				LD_RUNPATH_SEARCH_PATHS = (
					"$(inherited)",
					"@executable_path/Frameworks",
				);
				MARKETING_VERSION = 1.0;
				PRODUCT_BUNDLE_IDENTIFIER = "RCF.El-goman";
				PRODUCT_NAME = "$(TARGET_NAME)";
				STRING_CATALOG_GENERATE_SYMBOLS = YES;
				SWIFT_APPROACHABLE_CONCURRENCY = YES;
				SWIFT_DEFAULT_ACTOR_ISOLATION = MainActor;
				SWIFT_EMIT_LOC_STRINGS = YES;
				SWIFT_UPCOMING_FEATURE_MEMBER_IMPORT_VISIBILITY = YES;
				SWIFT_VERSION = 5.0;
				TARGETED_DEVICE_FAMILY = "1,2";
			};
			name = Debug;
		};
		C3F6D74F2FF6EC0C009B05B0 /* Release */ = {
			isa = XCBuildConfiguration;
			buildSettings = {
				ASSETCATALOG_COMPILER_APPICON_NAME = AppIcon;
				ASSETCATALOG_COMPILER_GLOBAL_ACCENT_COLOR_NAME = AccentColor;
				CODE_SIGN_STYLE = Automatic;
				CURRENT_PROJECT_VERSION = 1;
				DEVELOPMENT_TEAM = A67K95GBTD;
				ENABLE_PREVIEWS = NO;
				GENERATE_INFOPLIST_FILE = YES;
				INFOPLIST_FILE = "El-goman-Info.plist";
				INFOPLIST_KEY_NSCameraUsageDescription = "Se necesita acceso a la cámara para escanear códigos de barras de productos.";
				INFOPLIST_KEY_UIApplicationSceneManifest_Generation = YES;
				INFOPLIST_KEY_UIApplicationSupportsIndirectInputEvents = YES;
				INFOPLIST_KEY_UILaunchScreen_Generation = YES;
				INFOPLIST_KEY_UISupportedInterfaceOrientations_iPad = "UIInterfaceOrientationPortrait UIInterfaceOrientationPortraitUpsideDown UIInterfaceOrientationLandscapeLeft UIInterfaceOrientationLandscapeRight";
				INFOPLIST_KEY_UISupportedInterfaceOrientations_iPhone = "UIInterfaceOrientationPortrait UIInterfaceOrientationLandscapeLeft UIInterfaceOrientationLandscapeRight";
				LD_RUNPATH_SEARCH_PATHS = (
					"$(inherited)",
					"@executable_path/Frameworks",
				);
				MARKETING_VERSION = 1.0;
				PRODUCT_BUNDLE_IDENTIFIER = "RCF.El-goman";
				PRODUCT_NAME = "$(TARGET_NAME)";
				STRING_CATALOG_GENERATE_SYMBOLS = YES;
				SWIFT_APPROACHABLE_CONCURRENCY = YES;
				SWIFT_DEFAULT_ACTOR_ISOLATION = MainActor;
				SWIFT_EMIT_LOC_STRINGS = YES;
				SWIFT_UPCOMING_FEATURE_MEMBER_IMPORT_VISIBILITY = YES;
				SWIFT_VERSION = 5.0;
				TARGETED_DEVICE_FAMILY = "1,2";
			};
			name = Release;
		};
		C3F6D7512FF6EC0C009B05B0 /* Debug */ = {
			isa = XCBuildConfiguration;
			buildSettings = {
				BUNDLE_LOADER = "$(TEST_HOST)";
				CODE_SIGN_STYLE = Automatic;
				CURRENT_PROJECT_VERSION = 1;
				DEVELOPMENT_TEAM = A67K95GBTD;
				GENERATE_INFOPLIST_FILE = YES;
				IPHONEOS_DEPLOYMENT_TARGET = 26.5;
				MARKETING_VERSION = 1.0;
				PRODUCT_BUNDLE_IDENTIFIER = "RCF.El-gomanTests";
				PRODUCT_NAME = "$(TARGET_NAME)";
				STRING_CATALOG_GENERATE_SYMBOLS = NO;
				SWIFT_APPROACHABLE_CONCURRENCY = YES;
				SWIFT_EMIT_LOC_STRINGS = NO;
				SWIFT_UPCOMING_FEATURE_MEMBER_IMPORT_VISIBILITY = YES;
				SWIFT_VERSION = 5.0;
				TARGETED_DEVICE_FAMILY = "1,2";
				TEST_HOST = "$(BUILT_PRODUCTS_DIR)/El goman.app/$(BUNDLE_EXECUTABLE_FOLDER_PATH)/El goman";
			};
			name = Debug;
		};
		C3F6D7522FF6EC0C009B05B0 /* Release */ = {
			isa = XCBuildConfiguration;
			buildSettings = {
				BUNDLE_LOADER = "$(TEST_HOST)";
				CODE_SIGN_STYLE = Automatic;
				CURRENT_PROJECT_VERSION = 1;
				DEVELOPMENT_TEAM = A67K95GBTD;
				GENERATE_INFOPLIST_FILE = YES;
				IPHONEOS_DEPLOYMENT_TARGET = 26.5;
				MARKETING_VERSION = 1.0;
				PRODUCT_BUNDLE_IDENTIFIER = "RCF.El-gomanTests";
				PRODUCT_NAME = "$(TARGET_NAME)";
				STRING_CATALOG_GENERATE_SYMBOLS = NO;
				SWIFT_APPROACHABLE_CONCURRENCY = YES;
				SWIFT_EMIT_LOC_STRINGS = NO;
				SWIFT_UPCOMING_FEATURE_MEMBER_IMPORT_VISIBILITY = YES;
				SWIFT_VERSION = 5.0;
				TARGETED_DEVICE_FAMILY = "1,2";
				TEST_HOST = "$(BUILT_PRODUCTS_DIR)/El goman.app/$(BUNDLE_EXECUTABLE_FOLDER_PATH)/El goman";
			};
			name = Release;
		};
		C3F6D7542FF6EC0C009B05B0 /* Debug */ = {
			isa = XCBuildConfiguration;
			buildSettings = {
				CODE_SIGN_STYLE = Automatic;
				CURRENT_PROJECT_VERSION = 1;
				DEVELOPMENT_TEAM = A67K95GBTD;
				GENERATE_INFOPLIST_FILE = YES;
				MARKETING_VERSION = 1.0;
				PRODUCT_BUNDLE_IDENTIFIER = "RCF.El-gomanUITests";
				PRODUCT_NAME = "$(TARGET_NAME)";
				STRING_CATALOG_GENERATE_SYMBOLS = NO;
				SWIFT_APPROACHABLE_CONCURRENCY = YES;
				SWIFT_EMIT_LOC_STRINGS = NO;
				SWIFT_UPCOMING_FEATURE_MEMBER_IMPORT_VISIBILITY = YES;
				SWIFT_VERSION = 5.0;
				TARGETED_DEVICE_FAMILY = "1,2";
				TEST_TARGET_NAME = "El goman";
			};
			name = Debug;
		};
		C3F6D7552FF6EC0C009B05B0 /* Release */ = {
			isa = XCBuildConfiguration;
			buildSettings = {
				CODE_SIGN_STYLE = Automatic;
				CURRENT_PROJECT_VERSION = 1;
				DEVELOPMENT_TEAM = A67K95GBTD;
				GENERATE_INFOPLIST_FILE = YES;
				MARKETING_VERSION = 1.0;
				PRODUCT_BUNDLE_IDENTIFIER = "RCF.El-gomanUITests";
				PRODUCT_NAME = "$(TARGET_NAME)";
				STRING_CATALOG_GENERATE_SYMBOLS = NO;
				SWIFT_APPROACHABLE_CONCURRENCY = YES;
				SWIFT_EMIT_LOC_STRINGS = NO;
				SWIFT_UPCOMING_FEATURE_MEMBER_IMPORT_VISIBILITY = YES;
				SWIFT_VERSION = 5.0;
				TARGETED_DEVICE_FAMILY = "1,2";
				TEST_TARGET_NAME = "El goman";
			};
			name = Release;
		};
/* End XCBuildConfiguration section */

/* Begin XCConfigurationList section */
		C3F6D7272FF6EC0A009B05B0 /* Build configuration list for PBXProject "El goman" */ = {
			isa = XCConfigurationList;
			buildConfigurations = (
				C3F6D74B2FF6EC0C009B05B0 /* Debug */,
				C3F6D74C2FF6EC0C009B05B0 /* Release */,
			);
			defaultConfigurationIsVisible = 0;
			defaultConfigurationName = Release;
		};
		C3F6D74D2FF6EC0C009B05B0 /* Build configuration list for PBXNativeTarget "El goman" */ = {
			isa = XCConfigurationList;
			buildConfigurations = (
				C3F6D74E2FF6EC0C009B05B0 /* Debug */,
				C3F6D74F2FF6EC0C009B05B0 /* Release */,
			);
			defaultConfigurationIsVisible = 0;
			defaultConfigurationName = Release;
		};
		C3F6D7502FF6EC0C009B05B0 /* Build configuration list for PBXNativeTarget "El gomanTests" */ = {
			isa = XCConfigurationList;
			buildConfigurations = (
				C3F6D7512FF6EC0C009B05B0 /* Debug */,
				C3F6D7522FF6EC0C009B05B0 /* Release */,
			);
			defaultConfigurationIsVisible = 0;
			defaultConfigurationName = Release;
		};
		C3F6D7532FF6EC0C009B05B0 /* Build configuration list for PBXNativeTarget "El gomanUITests" */ = {
			isa = XCConfigurationList;
			buildConfigurations = (
				C3F6D7542FF6EC0C009B05B0 /* Debug */,
				C3F6D7552FF6EC0C009B05B0 /* Release */,
			);
			defaultConfigurationIsVisible = 0;
			defaultConfigurationName = Release;
		};
/* End XCConfigurationList section */
	};
	rootObject = C3F6D7242FF6EC0A009B05B0 /* Project object */;
}
